{
  "originHash" : "953c1a4ec8ddc32f1d5a654119945f11c04da6260938bd6dd954f76347123765",
  "pins" : [
    {
      "identity" : "wireguard-apple",
      "kind" : "remoteSourceControl",
      "location" : "https://github.com/WireGuard/wireguard-apple.git",
      "state" : {
        "revision" : "966995f3e6d4cab19d3656d52dae2142211cc0d3"
      }
    }
  ],
  "version" : 3
}
